
Microsoft Visual Studio Solution File, Format Version 12.00
# Visual Studio Version 17
VisualStudioVersion = 17.12.35707.178
MinimumVisualStudioVersion = 10.0.40219.1
Project("{FAE04EC0-301F-11D3-BF4B-00C04F79EFBC}") = "WebApi", "WebApi\WebApi.csproj", "{9C4F2C3E-19F9-4879-A904-A2FAFD390367}"
EndProject
Project("{FAE04EC0-301F-11D3-BF4B-00C04F79EFBC}") = "MessageAggregator", "MessageAggregator\MessageAggregator.csproj", "{34D1875B-FD04-4B74-873B-9673673A0123}"
EndProject
Global
	GlobalSection(SolutionConfigurationPlatforms) = preSolution
		Debug|Any CPU = Debug|Any CPU
		Release|Any CPU = Release|Any CPU
	EndGlobalSection
	GlobalSection(ProjectConfigurationPlatforms) = postSolution
		{9C4F2C3E-19F9-4879-A904-A2FAFD390367}.Debug|Any CPU.ActiveCfg = Debug|Any CPU
		{9C4F2C3E-19F9-4879-A904-A2FAFD390367}.Debug|Any CPU.Build.0 = Debug|Any CPU
		{9C4F2C3E-19F9-4879-A904-A2FAFD390367}.Release|Any CPU.ActiveCfg = Release|Any CPU
		{9C4F2C3E-19F9-4879-A904-A2FAFD390367}.Release|Any CPU.Build.0 = Release|Any CPU
		{34D1875B-FD04-4B74-873B-9673673A0123}.Debug|Any CPU.ActiveCfg = Debug|Any CPU
		{34D1875B-FD04-4B74-873B-9673673A0123}.Debug|Any CPU.Build.0 = Debug|Any CPU
		{34D1875B-FD04-4B74-873B-9673673A0123}.Release|Any CPU.ActiveCfg = Release|Any CPU
		{34D1875B-FD04-4B74-873B-9673673A0123}.Release|Any CPU.Build.0 = Release|Any CPU
	EndGlobalSection
	GlobalSection(SolutionProperties) = preSolution
		HideSolutionNode = FALSE
	EndGlobalSection
EndGlobal
